
Microsoft Visual Studio Solution File, Format Version 12.00
Project("{FAE04EC0-301F-11D3-BF4B-00C04F79EFBC}") = "HttpClient", "HttpClient\HttpClient.csproj", "{5F752309-1E05-4A07-90DB-9120D07ED5AF}"
EndProject
Project("{FAE04EC0-301F-11D3-BF4B-00C04F79EFBC}") = "TripShare", "TripShare\TripShare.csproj", "{4A741EF8-62D2-4C9F-B0B6-4EE043E72817}"
EndProject
Project("{FAE04EC0-301F-11D3-BF4B-00C04F79EFBC}") = "Domain", "..\LogicServer\Domain\Domain.csproj", "{6B9C0B29-E6E3-47B0-B8E1-B4AB66DEAA90}"
EndProject
Global
	GlobalSection(SolutionConfigurationPlatforms) = preSolution
		Debug|Any CPU = Debug|Any CPU
		Release|Any CPU = Release|Any CPU
	EndGlobalSection
	GlobalSection(ProjectConfigurationPlatforms) = postSolution
		{5F752309-1E05-4A07-90DB-9120D07ED5AF}.Debug|Any CPU.ActiveCfg = Debug|Any CPU
		{5F752309-1E05-4A07-90DB-9120D07ED5AF}.Debug|Any CPU.Build.0 = Debug|Any CPU
		{5F752309-1E05-4A07-90DB-9120D07ED5AF}.Release|Any CPU.ActiveCfg = Release|Any CPU
		{5F752309-1E05-4A07-90DB-9120D07ED5AF}.Release|Any CPU.Build.0 = Release|Any CPU
		{4A741EF8-62D2-4C9F-B0B6-4EE043E72817}.Debug|Any CPU.ActiveCfg = Debug|Any CPU
		{4A741EF8-62D2-4C9F-B0B6-4EE043E72817}.Debug|Any CPU.Build.0 = Debug|Any CPU
		{4A741EF8-62D2-4C9F-B0B6-4EE043E72817}.Release|Any CPU.ActiveCfg = Release|Any CPU
		{4A741EF8-62D2-4C9F-B0B6-4EE043E72817}.Release|Any CPU.Build.0 = Release|Any CPU
		{6B9C0B29-E6E3-47B0-B8E1-B4AB66DEAA90}.Debug|Any CPU.ActiveCfg = Debug|Any CPU
		{6B9C0B29-E6E3-47B0-B8E1-B4AB66DEAA90}.Debug|Any CPU.Build.0 = Debug|Any CPU
		{6B9C0B29-E6E3-47B0-B8E1-B4AB66DEAA90}.Release|Any CPU.ActiveCfg = Release|Any CPU
		{6B9C0B29-E6E3-47B0-B8E1-B4AB66DEAA90}.Release|Any CPU.Build.0 = Release|Any CPU
	EndGlobalSection
EndGlobal
